
Microsoft Visual Studio Solution File, Format Version 12.00
# Visual Studio 15
VisualStudioVersion = 15.0.28307.329
MinimumVisualStudioVersion = 10.0.40219.1
Project("{FAE04EC0-301F-11D3-BF4B-00C04F79EFBC}") = "servicios-semana01", "servicios-semana01\servicios-semana01.csproj", "{F4A107F4-EDC1-4C02-A6B8-833A36CF4AE2}"
EndProject
Global
	GlobalSection(SolutionConfigurationPlatforms) = preSolution
		Debug|Any CPU = Debug|Any CPU
		Release|Any CPU = Release|Any CPU
	EndGlobalSection
	GlobalSection(ProjectConfigurationPlatforms) = postSolution
		{F4A107F4-EDC1-4C02-A6B8-833A36CF4AE2}.Debug|Any CPU.ActiveCfg = Debug|Any CPU
		{F4A107F4-EDC1-4C02-A6B8-833A36CF4AE2}.Debug|Any CPU.Build.0 = Debug|Any CPU
		{F4A107F4-EDC1-4C02-A6B8-833A36CF4AE2}.Release|Any CPU.ActiveCfg = Release|Any CPU
		{F4A107F4-EDC1-4C02-A6B8-833A36CF4AE2}.Release|Any CPU.Build.0 = Release|Any CPU
	EndGlobalSection
	GlobalSection(SolutionProperties) = preSolution
		HideSolutionNode = FALSE
	EndGlobalSection
	GlobalSection(ExtensibilityGlobals) = postSolution
		SolutionGuid = {21DBF8D1-849F-4A67-984D-2146A2349B6E}
	EndGlobalSection
EndGlobal
